
Microsoft Visual Studio Solution File, Format Version 12.00
# Visual Studio Version 16
VisualStudioVersion = 16.0.32510.428
MinimumVisualStudioVersion = 10.0.40219.1
Project("{2150E333-8FDC-42A3-9474-1A3956D46DE8}") = "Services", "Services", "{F322294B-885F-4553-A91D-247AE2AE8C96}"
EndProject
Project("{2150E333-8FDC-42A3-9474-1A3956D46DE8}") = "Catalog", "Catalog", "{7DC8FEA9-1039-40B6-B359-CBFF8CCE5B5F}"
EndProject
Project("{9A19103F-16F7-4668-BE54-9A1E7A4F7556}") = "Catalog.API", "Services\Catalog\Catalog.API\Catalog.API.csproj", "{8B1A844E-A5D4-4158-9F6A-716E0BD82636}"
EndProject
Project("{E53339B2-1760-4266-BCC7-CA923CBCF16C}") = "docker-compose", "docker-compose.dcproj", "{F26DE308-C5D8-4362-AB9C-8B3DF607AE96}"
EndProject
Project("{2150E333-8FDC-42A3-9474-1A3956D46DE8}") = "Basket", "Basket", "{36C226B5-78C1-42DC-88A9-7DD44A4D7973}"
EndProject
Project("{9A19103F-16F7-4668-BE54-9A1E7A4F7556}") = "Basket.API", "Services\Basket\Basket.API\Basket.API.csproj", "{9F0839DD-0E10-4E81-9091-64F44FBC956B}"
EndProject
Project("{2150E333-8FDC-42A3-9474-1A3956D46DE8}") = "Discount", "Discount", "{36A831F3-04D3-43C6-9B02-5F2DEFF416EB}"
EndProject
Project("{9A19103F-16F7-4668-BE54-9A1E7A4F7556}") = "Discount.API", "Services\Discount\Discount.API\Discount.API.csproj", "{C74525D9-07B0-4D27-97D4-268EAC2B7D81}"
EndProject
Project("{9A19103F-16F7-4668-BE54-9A1E7A4F7556}") = "Discount.Grpc", "Services\Discount\Discount.Grpc\Discount.Grpc.csproj", "{BC43BC5D-1BEF-4439-86D1-20DA2AE4C56E}"
EndProject
Project("{2150E333-8FDC-42A3-9474-1A3956D46DE8}") = "Ordering", "Ordering", "{02BBFDAC-564C-4E8A-BFA0-525EAD153854}"
EndProject
Project("{9A19103F-16F7-4668-BE54-9A1E7A4F7556}") = "Ordering.API", "Services\Ordering\Ordering.API\Ordering.API.csproj", "{A9A7BA31-1702-4C8B-B677-6080E2A587B8}"
EndProject
Project("{9A19103F-16F7-4668-BE54-9A1E7A4F7556}") = "Ordering.Domain", "Services\Ordering\Ordering.Domain\Ordering.Domain.csproj", "{377E8FF4-299D-4A30-9934-F2C6C7F2C5EE}"
EndProject
Project("{9A19103F-16F7-4668-BE54-9A1E7A4F7556}") = "Ordering.Application", "Services\Ordering\Ordering.Application\Ordering.Application.csproj", "{AE3C69A6-17D7-4858-BCA8-2028B150175D}"
EndProject
Project("{9A19103F-16F7-4668-BE54-9A1E7A4F7556}") = "Ordering.Infrastructure", "Services\Ordering\Ordering.Infrastructure\Ordering.Infrastructure.csproj", "{A177ADEC-9842-454D-AED5-CF254C2FA652}"
EndProject
Project("{2150E333-8FDC-42A3-9474-1A3956D46DE8}") = "BuildingBlocks", "BuildingBlocks", "{7C48695E-2525-44F8-AD6C-6D4F4B6632D6}"
EndProject
Project("{FAE04EC0-301F-11D3-BF4B-00C04F79EFBC}") = "EventBus.Messsages", "BuildingBlocks\EventBus.Messsages\EventBus.Messsages.csproj", "{A4CBB5A3-0B8A-4C9B-8563-D1B0E8DA2DAC}"
EndProject
Global
	GlobalSection(SolutionConfigurationPlatforms) = preSolution
		Debug|Any CPU = Debug|Any CPU
		Release|Any CPU = Release|Any CPU
	EndGlobalSection
	GlobalSection(ProjectConfigurationPlatforms) = postSolution
		{8B1A844E-A5D4-4158-9F6A-716E0BD82636}.Debug|Any CPU.ActiveCfg = Debug|Any CPU
		{8B1A844E-A5D4-4158-9F6A-716E0BD82636}.Debug|Any CPU.Build.0 = Debug|Any CPU
		{8B1A844E-A5D4-4158-9F6A-716E0BD82636}.Release|Any CPU.ActiveCfg = Release|Any CPU
		{8B1A844E-A5D4-4158-9F6A-716E0BD82636}.Release|Any CPU.Build.0 = Release|Any CPU
		{F26DE308-C5D8-4362-AB9C-8B3DF607AE96}.Debug|Any CPU.ActiveCfg = Debug|Any CPU
		{F26DE308-C5D8-4362-AB9C-8B3DF607AE96}.Debug|Any CPU.Build.0 = Debug|Any CPU
		{F26DE308-C5D8-4362-AB9C-8B3DF607AE96}.Release|Any CPU.ActiveCfg = Release|Any CPU
		{F26DE308-C5D8-4362-AB9C-8B3DF607AE96}.Release|Any CPU.Build.0 = Release|Any CPU
		{9F0839DD-0E10-4E81-9091-64F44FBC956B}.Debug|Any CPU.ActiveCfg = Debug|Any CPU
		{9F0839DD-0E10-4E81-9091-64F44FBC956B}.Debug|Any CPU.Build.0 = Debug|Any CPU
		{9F0839DD-0E10-4E81-9091-64F44FBC956B}.Release|Any CPU.ActiveCfg = Release|Any CPU
		{9F0839DD-0E10-4E81-9091-64F44FBC956B}.Release|Any CPU.Build.0 = Release|Any CPU
		{C74525D9-07B0-4D27-97D4-268EAC2B7D81}.Debug|Any CPU.ActiveCfg = Debug|Any CPU
		{C74525D9-07B0-4D27-97D4-268EAC2B7D81}.Debug|Any CPU.Build.0 = Debug|Any CPU
		{C74525D9-07B0-4D27-97D4-268EAC2B7D81}.Release|Any CPU.ActiveCfg = Release|Any CPU
		{C74525D9-07B0-4D27-97D4-268EAC2B7D81}.Release|Any CPU.Build.0 = Release|Any CPU
		{BC43BC5D-1BEF-4439-86D1-20DA2AE4C56E}.Debug|Any CPU.ActiveCfg = Debug|Any CPU
		{BC43BC5D-1BEF-4439-86D1-20DA2AE4C56E}.Debug|Any CPU.Build.0 = Debug|Any CPU
		{BC43BC5D-1BEF-4439-86D1-20DA2AE4C56E}.Release|Any CPU.ActiveCfg = Release|Any CPU
		{BC43BC5D-1BEF-4439-86D1-20DA2AE4C56E}.Release|Any CPU.Build.0 = Release|Any CPU
		{A9A7BA31-1702-4C8B-B677-6080E2A587B8}.Debug|Any CPU.ActiveCfg = Debug|Any CPU
		{A9A7BA31-1702-4C8B-B677-6080E2A587B8}.Debug|Any CPU.Build.0 = Debug|Any CPU
		{A9A7BA31-1702-4C8B-B677-6080E2A587B8}.Release|Any CPU.ActiveCfg = Release|Any CPU
		{A9A7BA31-1702-4C8B-B677-6080E2A587B8}.Release|Any CPU.Build.0 = Release|Any CPU
		{377E8FF4-299D-4A30-9934-F2C6C7F2C5EE}.Debug|Any CPU.ActiveCfg = Debug|Any CPU
		{377E8FF4-299D-4A30-9934-F2C6C7F2C5EE}.Debug|Any CPU.Build.0 = Debug|Any CPU
		{377E8FF4-299D-4A30-9934-F2C6C7F2C5EE}.Release|Any CPU.ActiveCfg = Release|Any CPU
		{377E8FF4-299D-4A30-9934-F2C6C7F2C5EE}.Release|Any CPU.Build.0 = Release|Any CPU
		{AE3C69A6-17D7-4858-BCA8-2028B150175D}.Debug|Any CPU.ActiveCfg = Debug|Any CPU
		{AE3C69A6-17D7-4858-BCA8-2028B150175D}.Debug|Any CPU.Build.0 = Debug|Any CPU
		{AE3C69A6-17D7-4858-BCA8-2028B150175D}.Release|Any CPU.ActiveCfg = Release|Any CPU
		{AE3C69A6-17D7-4858-BCA8-2028B150175D}.Release|Any CPU.Build.0 = Release|Any CPU
		{A177ADEC-9842-454D-AED5-CF254C2FA652}.Debug|Any CPU.ActiveCfg = Debug|Any CPU
		{A177ADEC-9842-454D-AED5-CF254C2FA652}.Debug|Any CPU.Build.0 = Debug|Any CPU
		{A177ADEC-9842-454D-AED5-CF254C2FA652}.Release|Any CPU.ActiveCfg = Release|Any CPU
		{A177ADEC-9842-454D-AED5-CF254C2FA652}.Release|Any CPU.Build.0 = Release|Any CPU
		{A4CBB5A3-0B8A-4C9B-8563-D1B0E8DA2DAC}.Debug|Any CPU.ActiveCfg = Debug|Any CPU
		{A4CBB5A3-0B8A-4C9B-8563-D1B0E8DA2DAC}.Debug|Any CPU.Build.0 = Debug|Any CPU
		{A4CBB5A3-0B8A-4C9B-8563-D1B0E8DA2DAC}.Release|Any CPU.ActiveCfg = Release|Any CPU
		{A4CBB5A3-0B8A-4C9B-8563-D1B0E8DA2DAC}.Release|Any CPU.Build.0 = Release|Any CPU
	EndGlobalSection
	GlobalSection(SolutionProperties) = preSolution
		HideSolutionNode = FALSE
	EndGlobalSection
	GlobalSection(NestedProjects) = preSolution
		{7DC8FEA9-1039-40B6-B359-CBFF8CCE5B5F} = {F322294B-885F-4553-A91D-247AE2AE8C96}
		{8B1A844E-A5D4-4158-9F6A-716E0BD82636} = {7DC8FEA9-1039-40B6-B359-CBFF8CCE5B5F}
		{36C226B5-78C1-42DC-88A9-7DD44A4D7973} = {F322294B-885F-4553-A91D-247AE2AE8C96}
		{9F0839DD-0E10-4E81-9091-64F44FBC956B} = {36C226B5-78C1-42DC-88A9-7DD44A4D7973}
		{36A831F3-04D3-43C6-9B02-5F2DEFF416EB} = {F322294B-885F-4553-A91D-247AE2AE8C96}
		{C74525D9-07B0-4D27-97D4-268EAC2B7D81} = {36A831F3-04D3-43C6-9B02-5F2DEFF416EB}
		{BC43BC5D-1BEF-4439-86D1-20DA2AE4C56E} = {36A831F3-04D3-43C6-9B02-5F2DEFF416EB}
		{02BBFDAC-564C-4E8A-BFA0-525EAD153854} = {F322294B-885F-4553-A91D-247AE2AE8C96}
		{A9A7BA31-1702-4C8B-B677-6080E2A587B8} = {02BBFDAC-564C-4E8A-BFA0-525EAD153854}
		{377E8FF4-299D-4A30-9934-F2C6C7F2C5EE} = {02BBFDAC-564C-4E8A-BFA0-525EAD153854}
		{AE3C69A6-17D7-4858-BCA8-2028B150175D} = {02BBFDAC-564C-4E8A-BFA0-525EAD153854}
		{A177ADEC-9842-454D-AED5-CF254C2FA652} = {02BBFDAC-564C-4E8A-BFA0-525EAD153854}
		{A4CBB5A3-0B8A-4C9B-8563-D1B0E8DA2DAC} = {7C48695E-2525-44F8-AD6C-6D4F4B6632D6}
	EndGlobalSection
	GlobalSection(ExtensibilityGlobals) = postSolution
		SolutionGuid = {D29AB9C9-2861-45F0-A7BD-CD622DC809C9}
	EndGlobalSection
EndGlobal
