
Microsoft Visual Studio Solution File, Format Version 12.00
# Visual Studio Version 16
VisualStudioVersion = 16.0.32510.428
MinimumVisualStudioVersion = 10.0.40219.1
Project("{2150E333-8FDC-42A3-9474-1A3956D46DE8}") = "Services", "Services", "{F322294B-885F-4553-A91D-247AE2AE8C96}"
EndProject
Project("{2150E333-8FDC-42A3-9474-1A3956D46DE8}") = "Catalog", "Catalog", "{7DC8FEA9-1039-40B6-B359-CBFF8CCE5B5F}"
EndProject
Project("{9A19103F-16F7-4668-BE54-9A1E7A4F7556}") = "Catalog.API", "Services\Catalog\Catalog.API\Catalog.API.csproj", "{8B1A844E-A5D4-4158-9F6A-716E0BD82636}"
EndProject
Project("{E53339B2-1760-4266-BCC7-CA923CBCF16C}") = "docker-compose", "docker-compose.dcproj", "{F26DE308-C5D8-4362-AB9C-8B3DF607AE96}"
EndProject
Global
	GlobalSection(SolutionConfigurationPlatforms) = preSolution
		Debug|Any CPU = Debug|Any CPU
		Release|Any CPU = Release|Any CPU
	EndGlobalSection
	GlobalSection(ProjectConfigurationPlatforms) = postSolution
		{8B1A844E-A5D4-4158-9F6A-716E0BD82636}.Debug|Any CPU.ActiveCfg = Debug|Any CPU
		{8B1A844E-A5D4-4158-9F6A-716E0BD82636}.Debug|Any CPU.Build.0 = Debug|Any CPU
		{8B1A844E-A5D4-4158-9F6A-716E0BD82636}.Release|Any CPU.ActiveCfg = Release|Any CPU
		{8B1A844E-A5D4-4158-9F6A-716E0BD82636}.Release|Any CPU.Build.0 = Release|Any CPU
		{F26DE308-C5D8-4362-AB9C-8B3DF607AE96}.Debug|Any CPU.ActiveCfg = Debug|Any CPU
		{F26DE308-C5D8-4362-AB9C-8B3DF607AE96}.Debug|Any CPU.Build.0 = Debug|Any CPU
		{F26DE308-C5D8-4362-AB9C-8B3DF607AE96}.Release|Any CPU.ActiveCfg = Release|Any CPU
		{F26DE308-C5D8-4362-AB9C-8B3DF607AE96}.Release|Any CPU.Build.0 = Release|Any CPU
	EndGlobalSection
	GlobalSection(SolutionProperties) = preSolution
		HideSolutionNode = FALSE
	EndGlobalSection
	GlobalSection(NestedProjects) = preSolution
		{7DC8FEA9-1039-40B6-B359-CBFF8CCE5B5F} = {F322294B-885F-4553-A91D-247AE2AE8C96}
		{8B1A844E-A5D4-4158-9F6A-716E0BD82636} = {7DC8FEA9-1039-40B6-B359-CBFF8CCE5B5F}
	EndGlobalSection
	GlobalSection(ExtensibilityGlobals) = postSolution
		SolutionGuid = {D29AB9C9-2861-45F0-A7BD-CD622DC809C9}
	EndGlobalSection
EndGlobal
